// !$*UTF8*$!
{
	archiveVersion = 1;
	classes = {
	};
	objectVersion = 55;
	objects = {

/* Begin PBXBuildFile section */
		7943B6802834B6CA00324D88 /* IQKeyboardManagerSwift in Frameworks */ = {isa = PBXBuildFile; productRef = 7943B67F2834B6CA00324D88 /* IQKeyboardManagerSwift */; };
		7943B6832834CF3500324D88 /* IntroController.swift in Sources */ = {isa = PBXBuildFile; fileRef = 7943B6822834CF3500324D88 /* IntroController.swift */; };
		7943B6852834CF7900324D88 /* IntroViewModel.swift in Sources */ = {isa = PBXBuildFile; fileRef = 7943B6842834CF7900324D88 /* IntroViewModel.swift */; };
		7943B6872834E26F00324D88 /* IntroCell.swift in Sources */ = {isa = PBXBuildFile; fileRef = 7943B6862834E26F00324D88 /* IntroCell.swift */; };
		7943B68A2834EBE200324D88 /* UserDefaultsManager.swift in Sources */ = {isa = PBXBuildFile; fileRef = 7943B6892834EBE200324D88 /* UserDefaultsManager.swift */; };
		796B17322833A2C8006B0E86 /* Kingfisher in Frameworks */ = {isa = PBXBuildFile; productRef = 796B17312833A2C8006B0E86 /* Kingfisher */; };
		796B17372833A728006B0E86 /* BaseViewController.swift in Sources */ = {isa = PBXBuildFile; fileRef = 796B17362833A728006B0E86 /* BaseViewController.swift */; };
		796B173A2833A7BC006B0E86 /* Reachability in Frameworks */ = {isa = PBXBuildFile; productRef = 796B17392833A7BC006B0E86 /* Reachability */; };
		796B173D2833AB8C006B0E86 /* AppColor.swift in Sources */ = {isa = PBXBuildFile; fileRef = 796B173C2833AB8C006B0E86 /* AppColor.swift */; };
		796B173F2833B3C1006B0E86 /* ReactButton.swift in Sources */ = {isa = PBXBuildFile; fileRef = 796B173E2833B3C1006B0E86 /* ReactButton.swift */; };
		796B17412833B958006B0E86 /* BaseCollectionCell.swift in Sources */ = {isa = PBXBuildFile; fileRef = 796B17402833B958006B0E86 /* BaseCollectionCell.swift */; };
		796B17432833B98D006B0E86 /* BaseTableCell.swift in Sources */ = {isa = PBXBuildFile; fileRef = 796B17422833B98D006B0E86 /* BaseTableCell.swift */; };
		796B17452833B9B1006B0E86 /* CategoryViewModel.swift in Sources */ = {isa = PBXBuildFile; fileRef = 796B17442833B9B1006B0E86 /* CategoryViewModel.swift */; };
		796B17472833B9CA006B0E86 /* FavoriteViewModel.swift in Sources */ = {isa = PBXBuildFile; fileRef = 796B17462833B9CA006B0E86 /* FavoriteViewModel.swift */; };
		796B17492833B9D6006B0E86 /* CartViewModel.swift in Sources */ = {isa = PBXBuildFile; fileRef = 796B17482833B9D6006B0E86 /* CartViewModel.swift */; };
		796B174C2833B9F9006B0E86 /* Model.swift in Sources */ = {isa = PBXBuildFile; fileRef = 796B174B2833B9F9006B0E86 /* Model.swift */; };
		796B174F2833BDD6006B0E86 /* CategoriesRepository.swift in Sources */ = {isa = PBXBuildFile; fileRef = 796B174E2833BDD6006B0E86 /* CategoriesRepository.swift */; };
		796B17512833BE90006B0E86 /* AppUrl.swift in Sources */ = {isa = PBXBuildFile; fileRef = 796B17502833BE90006B0E86 /* AppUrl.swift */; };
		796B17572833C593006B0E86 /* Gradient.swift in Sources */ = {isa = PBXBuildFile; fileRef = 796B17562833C593006B0E86 /* Gradient.swift */; };
		796B17592833C5E0006B0E86 /* Header.swift in Sources */ = {isa = PBXBuildFile; fileRef = 796B17582833C5E0006B0E86 /* Header.swift */; };
		796B175B2833C69A006B0E86 /* String.swift in Sources */ = {isa = PBXBuildFile; fileRef = 796B175A2833C69A006B0E86 /* String.swift */; };
		796B175D2833C753006B0E86 /* ItemsCell.swift in Sources */ = {isa = PBXBuildFile; fileRef = 796B175C2833C753006B0E86 /* ItemsCell.swift */; };
		796B17652833DE0E006B0E86 /* ItemInformationController.swift in Sources */ = {isa = PBXBuildFile; fileRef = 796B17642833DE0E006B0E86 /* ItemInformationController.swift */; };
		796B17672833DEAB006B0E86 /* InfoModule.swift in Sources */ = {isa = PBXBuildFile; fileRef = 796B17662833DEAB006B0E86 /* InfoModule.swift */; };
		796B176A2833DF77006B0E86 /* FavoriteDataManager.swift in Sources */ = {isa = PBXBuildFile; fileRef = 796B17692833DF77006B0E86 /* FavoriteDataManager.swift */; };
		796B176C2833DFE4006B0E86 /* InfoViewModel.swift in Sources */ = {isa = PBXBuildFile; fileRef = 796B176B2833DFE4006B0E86 /* InfoViewModel.swift */; };
		796B176E28341619006B0E86 /* CartDataManager.swift in Sources */ = {isa = PBXBuildFile; fileRef = 796B176D28341619006B0E86 /* CartDataManager.swift */; };
		796B177028342190006B0E86 /* FavoriteCell.swift in Sources */ = {isa = PBXBuildFile; fileRef = 796B176F28342190006B0E86 /* FavoriteCell.swift */; };
		796B177228342AC9006B0E86 /* CartCell.swift in Sources */ = {isa = PBXBuildFile; fileRef = 796B177128342AC9006B0E86 /* CartCell.swift */; };
		79EBC161283D3DDE00A506E3 /* OrderStatusController.swift in Sources */ = {isa = PBXBuildFile; fileRef = 79EBC160283D3DDE00A506E3 /* OrderStatusController.swift */; };
		79EBC163283D3DFD00A506E3 /* OrderStatusViewModel.swift in Sources */ = {isa = PBXBuildFile; fileRef = 79EBC162283D3DFD00A506E3 /* OrderStatusViewModel.swift */; };
		79EBC167283D5B4E00A506E3 /* StatusDataManager.swift in Sources */ = {isa = PBXBuildFile; fileRef = 79EBC166283D5B4D00A506E3 /* StatusDataManager.swift */; };
		79EBC169283E0F2F00A506E3 /* Array.swift in Sources */ = {isa = PBXBuildFile; fileRef = 79EBC168283E0F2F00A506E3 /* Array.swift */; };
		79F1F67C2833A24300A630B5 /* Alamofire in Frameworks */ = {isa = PBXBuildFile; productRef = 79F1F67B2833A24300A630B5 /* Alamofire */; };
		79F1F67F2833A26300A630B5 /* SnapKit in Frameworks */ = {isa = PBXBuildFile; productRef = 79F1F67E2833A26300A630B5 /* SnapKit */; };
		79F28F5128339FDF000BF2A4 /* AppDelegate.swift in Sources */ = {isa = PBXBuildFile; fileRef = 79F28F5028339FDF000BF2A4 /* AppDelegate.swift */; };
		79F28F5328339FDF000BF2A4 /* SceneDelegate.swift in Sources */ = {isa = PBXBuildFile; fileRef = 79F28F5228339FDF000BF2A4 /* SceneDelegate.swift */; };
		79F28F5B28339FDF000BF2A4 /* ZirkonJewelery.xcdatamodeld in Sources */ = {isa = PBXBuildFile; fileRef = 79F28F5928339FDF000BF2A4 /* ZirkonJewelery.xcdatamodeld */; };
		79F28F5D28339FE1000BF2A4 /* Assets.xcassets in Resources */ = {isa = PBXBuildFile; fileRef = 79F28F5C28339FE1000BF2A4 /* Assets.xcassets */; };
		79F28F6028339FE1000BF2A4 /* LaunchScreen.storyboard in Resources */ = {isa = PBXBuildFile; fileRef = 79F28F5E28339FE1000BF2A4 /* LaunchScreen.storyboard */; };
		79F28F702833A0E4000BF2A4 /* CartController.swift in Sources */ = {isa = PBXBuildFile; fileRef = 79F28F6F2833A0E4000BF2A4 /* CartController.swift */; };
		79F28F722833A0F5000BF2A4 /* FavoriteController.swift in Sources */ = {isa = PBXBuildFile; fileRef = 79F28F712833A0F5000BF2A4 /* FavoriteController.swift */; };
		79F28F742833A105000BF2A4 /* CategoryController.swift in Sources */ = {isa = PBXBuildFile; fileRef = 79F28F732833A105000BF2A4 /* CategoryController.swift */; };
		79F28F762833A13C000BF2A4 /* TabBarController.swift in Sources */ = {isa = PBXBuildFile; fileRef = 79F28F752833A13C000BF2A4 /* TabBarController.swift */; };
		79F8FBB028376930007DBAFC /* CategoriesCell.swift in Sources */ = {isa = PBXBuildFile; fileRef = 796B175F2833C8FB006B0E86 /* CategoriesCell.swift */; };
/* End PBXBuildFile section */

/* Begin PBXFileReference section */
		7943B6822834CF3500324D88 /* IntroController.swift */ = {isa = PBXFileReference; lastKnownFileType = sourcecode.swift; path = IntroController.swift; sourceTree = "<group>"; };
		7943B6842834CF7900324D88 /* IntroViewModel.swift */ = {isa = PBXFileReference; lastKnownFileType = sourcecode.swift; path = IntroViewModel.swift; sourceTree = "<group>"; };
		7943B6862834E26F00324D88 /* IntroCell.swift */ = {isa = PBXFileReference; lastKnownFileType = sourcecode.swift; path = IntroCell.swift; sourceTree = "<group>"; };
		7943B6892834EBE200324D88 /* UserDefaultsManager.swift */ = {isa = PBXFileReference; lastKnownFileType = sourcecode.swift; path = UserDefaultsManager.swift; sourceTree = "<group>"; };
		796B17362833A728006B0E86 /* BaseViewController.swift */ = {isa = PBXFileReference; lastKnownFileType = sourcecode.swift; path = BaseViewController.swift; sourceTree = "<group>"; };
		796B173C2833AB8C006B0E86 /* AppColor.swift */ = {isa = PBXFileReference; lastKnownFileType = sourcecode.swift; path = AppColor.swift; sourceTree = "<group>"; };
		796B173E2833B3C1006B0E86 /* ReactButton.swift */ = {isa = PBXFileReference; lastKnownFileType = sourcecode.swift; path = ReactButton.swift; sourceTree = "<group>"; };
		796B17402833B958006B0E86 /* BaseCollectionCell.swift */ = {isa = PBXFileReference; lastKnownFileType = sourcecode.swift; path = BaseCollectionCell.swift; sourceTree = "<group>"; };
		796B17422833B98D006B0E86 /* BaseTableCell.swift */ = {isa = PBXFileReference; lastKnownFileType = sourcecode.swift; path = BaseTableCell.swift; sourceTree = "<group>"; };
		796B17442833B9B1006B0E86 /* CategoryViewModel.swift */ = {isa = PBXFileReference; lastKnownFileType = sourcecode.swift; path = CategoryViewModel.swift; sourceTree = "<group>"; };
		796B17462833B9CA006B0E86 /* FavoriteViewModel.swift */ = {isa = PBXFileReference; lastKnownFileType = sourcecode.swift; path = FavoriteViewModel.swift; sourceTree = "<group>"; };
		796B17482833B9D6006B0E86 /* CartViewModel.swift */ = {isa = PBXFileReference; lastKnownFileType = sourcecode.swift; path = CartViewModel.swift; sourceTree = "<group>"; };
		796B174B2833B9F9006B0E86 /* Model.swift */ = {isa = PBXFileReference; lastKnownFileType = sourcecode.swift; path = Model.swift; sourceTree = "<group>"; };
		796B174E2833BDD6006B0E86 /* CategoriesRepository.swift */ = {isa = PBXFileReference; lastKnownFileType = sourcecode.swift; path = CategoriesRepository.swift; sourceTree = "<group>"; };
		796B17502833BE90006B0E86 /* AppUrl.swift */ = {isa = PBXFileReference; lastKnownFileType = sourcecode.swift; path = AppUrl.swift; sourceTree = "<group>"; };
		796B17562833C593006B0E86 /* Gradient.swift */ = {isa = PBXFileReference; lastKnownFileType = sourcecode.swift; path = Gradient.swift; sourceTree = "<group>"; };
		796B17582833C5E0006B0E86 /* Header.swift */ = {isa = PBXFileReference; lastKnownFileType = sourcecode.swift; path = Header.swift; sourceTree = "<group>"; };
		796B175A2833C69A006B0E86 /* String.swift */ = {isa = PBXFileReference; lastKnownFileType = sourcecode.swift; path = String.swift; sourceTree = "<group>"; };
		796B175C2833C753006B0E86 /* ItemsCell.swift */ = {isa = PBXFileReference; lastKnownFileType = sourcecode.swift; path = ItemsCell.swift; sourceTree = "<group>"; };
		796B175F2833C8FB006B0E86 /* CategoriesCell.swift */ = {isa = PBXFileReference; lastKnownFileType = sourcecode.swift; path = CategoriesCell.swift; sourceTree = "<group>"; };
		796B17642833DE0E006B0E86 /* ItemInformationController.swift */ = {isa = PBXFileReference; lastKnownFileType = sourcecode.swift; path = ItemInformationController.swift; sourceTree = "<group>"; };
		796B17662833DEAB006B0E86 /* InfoModule.swift */ = {isa = PBXFileReference; lastKnownFileType = sourcecode.swift; path = InfoModule.swift; sourceTree = "<group>"; };
		796B17692833DF77006B0E86 /* FavoriteDataManager.swift */ = {isa = PBXFileReference; lastKnownFileType = sourcecode.swift; path = FavoriteDataManager.swift; sourceTree = "<group>"; };
		796B176B2833DFE4006B0E86 /* InfoViewModel.swift */ = {isa = PBXFileReference; lastKnownFileType = sourcecode.swift; path = InfoViewModel.swift; sourceTree = "<group>"; };
		796B176D28341619006B0E86 /* CartDataManager.swift */ = {isa = PBXFileReference; lastKnownFileType = sourcecode.swift; path = CartDataManager.swift; sourceTree = "<group>"; };
		796B176F28342190006B0E86 /* FavoriteCell.swift */ = {isa = PBXFileReference; lastKnownFileType = sourcecode.swift; path = FavoriteCell.swift; sourceTree = "<group>"; };
		796B177128342AC9006B0E86 /* CartCell.swift */ = {isa = PBXFileReference; lastKnownFileType = sourcecode.swift; path = CartCell.swift; sourceTree = "<group>"; };
		79EBC160283D3DDE00A506E3 /* OrderStatusController.swift */ = {isa = PBXFileReference; lastKnownFileType = sourcecode.swift; path = OrderStatusController.swift; sourceTree = "<group>"; };
		79EBC162283D3DFD00A506E3 /* OrderStatusViewModel.swift */ = {isa = PBXFileReference; lastKnownFileType = sourcecode.swift; path = OrderStatusViewModel.swift; sourceTree = "<group>"; };
		79EBC166283D5B4D00A506E3 /* StatusDataManager.swift */ = {isa = PBXFileReference; lastKnownFileType = sourcecode.swift; path = StatusDataManager.swift; sourceTree = "<group>"; };
		79EBC168283E0F2F00A506E3 /* Array.swift */ = {isa = PBXFileReference; lastKnownFileType = sourcecode.swift; path = Array.swift; sourceTree = "<group>"; };
		79F28F4D28339FDF000BF2A4 /* ZirkonJewelery.app */ = {isa = PBXFileReference; explicitFileType = wrapper.application; includeInIndex = 0; path = ZirkonJewelery.app; sourceTree = BUILT_PRODUCTS_DIR; };
		79F28F5028339FDF000BF2A4 /* AppDelegate.swift */ = {isa = PBXFileReference; lastKnownFileType = sourcecode.swift; path = AppDelegate.swift; sourceTree = "<group>"; };
		79F28F5228339FDF000BF2A4 /* SceneDelegate.swift */ = {isa = PBXFileReference; lastKnownFileType = sourcecode.swift; path = SceneDelegate.swift; sourceTree = "<group>"; };
		79F28F5A28339FDF000BF2A4 /* ZirkonJewelery.xcdatamodel */ = {isa = PBXFileReference; lastKnownFileType = wrapper.xcdatamodel; path = ZirkonJewelery.xcdatamodel; sourceTree = "<group>"; };
		79F28F5C28339FE1000BF2A4 /* Assets.xcassets */ = {isa = PBXFileReference; lastKnownFileType = folder.assetcatalog; path = Assets.xcassets; sourceTree = "<group>"; };
		79F28F5F28339FE1000BF2A4 /* Base */ = {isa = PBXFileReference; lastKnownFileType = file.storyboard; name = Base; path = Base.lproj/LaunchScreen.storyboard; sourceTree = "<group>"; };
		79F28F6128339FE1000BF2A4 /* Info.plist */ = {isa = PBXFileReference; lastKnownFileType = text.plist.xml; path = Info.plist; sourceTree = "<group>"; };
		79F28F6F2833A0E4000BF2A4 /* CartController.swift */ = {isa = PBXFileReference; lastKnownFileType = sourcecode.swift; path = CartController.swift; sourceTree = "<group>"; };
		79F28F712833A0F5000BF2A4 /* FavoriteController.swift */ = {isa = PBXFileReference; lastKnownFileType = sourcecode.swift; path = FavoriteController.swift; sourceTree = "<group>"; };
		79F28F732833A105000BF2A4 /* CategoryController.swift */ = {isa = PBXFileReference; lastKnownFileType = sourcecode.swift; path = CategoryController.swift; sourceTree = "<group>"; };
		79F28F752833A13C000BF2A4 /* TabBarController.swift */ = {isa = PBXFileReference; lastKnownFileType = sourcecode.swift; path = TabBarController.swift; sourceTree = "<group>"; };
/* End PBXFileReference section */

/* Begin PBXFrameworksBuildPhase section */
		79F28F4A28339FDF000BF2A4 /* Frameworks */ = {
			isa = PBXFrameworksBuildPhase;
			buildActionMask = 2147483647;
			files = (
				7943B6802834B6CA00324D88 /* IQKeyboardManagerSwift in Frameworks */,
				796B17322833A2C8006B0E86 /* Kingfisher in Frameworks */,
				796B173A2833A7BC006B0E86 /* Reachability in Frameworks */,
				79F1F67C2833A24300A630B5 /* Alamofire in Frameworks */,
				79F1F67F2833A26300A630B5 /* SnapKit in Frameworks */,
			);
			runOnlyForDeploymentPostprocessing = 0;
		};
/* End PBXFrameworksBuildPhase section */

/* Begin PBXGroup section */
		7943B6812834CED200324D88 /* Introduction */ = {
			isa = PBXGroup;
			children = (
				7943B6822834CF3500324D88 /* IntroController.swift */,
				7943B6862834E26F00324D88 /* IntroCell.swift */,
				7943B6842834CF7900324D88 /* IntroViewModel.swift */,
			);
			path = Introduction;
			sourceTree = "<group>";
		};
		7943B6882834EBBD00324D88 /* UserDefaults */ = {
			isa = PBXGroup;
			children = (
				7943B6892834EBE200324D88 /* UserDefaultsManager.swift */,
			);
			path = UserDefaults;
			sourceTree = "<group>";
		};
		796B173B2833AB7B006B0E86 /* Extension */ = {
			isa = PBXGroup;
			children = (
				796B173C2833AB8C006B0E86 /* AppColor.swift */,
				79EBC168283E0F2F00A506E3 /* Array.swift */,
				796B175A2833C69A006B0E86 /* String.swift */,
				796B17562833C593006B0E86 /* Gradient.swift */,
				796B173E2833B3C1006B0E86 /* ReactButton.swift */,
			);
			path = Extension;
			sourceTree = "<group>";
		};
		796B174A2833B9EF006B0E86 /* Model */ = {
			isa = PBXGroup;
			children = (
				796B174B2833B9F9006B0E86 /* Model.swift */,
			);
			path = Model;
			sourceTree = "<group>";
		};
		796B174D2833BDBE006B0E86 /* Repository */ = {
			isa = PBXGroup;
			children = (
				796B174E2833BDD6006B0E86 /* CategoriesRepository.swift */,
				796B17502833BE90006B0E86 /* AppUrl.swift */,
			);
			path = Repository;
			sourceTree = "<group>";
		};
		796B175E2833C8FB006B0E86 /* Header */ = {
			isa = PBXGroup;
			children = (
				796B17582833C5E0006B0E86 /* Header.swift */,
			);
			path = Header;
			sourceTree = "<group>";
		};
		796B17632833DDF8006B0E86 /* Information */ = {
			isa = PBXGroup;
			children = (
				796B17642833DE0E006B0E86 /* ItemInformationController.swift */,
				796B176B2833DFE4006B0E86 /* InfoViewModel.swift */,
				796B17662833DEAB006B0E86 /* InfoModule.swift */,
			);
			path = Information;
			sourceTree = "<group>";
		};
		796B17682833DF61006B0E86 /* DataManager */ = {
			isa = PBXGroup;
			children = (
				796B17692833DF77006B0E86 /* FavoriteDataManager.swift */,
				79EBC166283D5B4D00A506E3 /* StatusDataManager.swift */,
				796B176D28341619006B0E86 /* CartDataManager.swift */,
			);
			path = DataManager;
			sourceTree = "<group>";
		};
		79EBC15F283D3DB200A506E3 /* orderStatus */ = {
			isa = PBXGroup;
			children = (
				79EBC160283D3DDE00A506E3 /* OrderStatusController.swift */,
				79EBC162283D3DFD00A506E3 /* OrderStatusViewModel.swift */,
			);
			path = orderStatus;
			sourceTree = "<group>";
		};
		79F28F4428339FDF000BF2A4 = {
			isa = PBXGroup;
			children = (
				79F28F4F28339FDF000BF2A4 /* ZirkonJewelery */,
				79F28F4E28339FDF000BF2A4 /* Products */,
			);
			sourceTree = "<group>";
		};
		79F28F4E28339FDF000BF2A4 /* Products */ = {
			isa = PBXGroup;
			children = (
				79F28F4D28339FDF000BF2A4 /* ZirkonJewelery.app */,
			);
			name = Products;
			sourceTree = "<group>";
		};
		79F28F4F28339FDF000BF2A4 /* ZirkonJewelery */ = {
			isa = PBXGroup;
			children = (
				7943B6882834EBBD00324D88 /* UserDefaults */,
				796B17682833DF61006B0E86 /* DataManager */,
				796B174D2833BDBE006B0E86 /* Repository */,
				796B174A2833B9EF006B0E86 /* Model */,
				796B173B2833AB7B006B0E86 /* Extension */,
				79F28F692833A083000BF2A4 /* Controller */,
				79F28F6728339FF4000BF2A4 /* App */,
				79F28F682833A00D000BF2A4 /* Base */,
				79F28F5E28339FE1000BF2A4 /* LaunchScreen.storyboard */,
				79F28F5C28339FE1000BF2A4 /* Assets.xcassets */,
				79F28F6128339FE1000BF2A4 /* Info.plist */,
				79F28F5928339FDF000BF2A4 /* ZirkonJewelery.xcdatamodeld */,
			);
			path = ZirkonJewelery;
			sourceTree = "<group>";
		};
		79F28F6728339FF4000BF2A4 /* App */ = {
			isa = PBXGroup;
			children = (
				79F28F5028339FDF000BF2A4 /* AppDelegate.swift */,
				79F28F5228339FDF000BF2A4 /* SceneDelegate.swift */,
			);
			path = App;
			sourceTree = "<group>";
		};
		79F28F682833A00D000BF2A4 /* Base */ = {
			isa = PBXGroup;
			children = (
				796B17362833A728006B0E86 /* BaseViewController.swift */,
				796B17422833B98D006B0E86 /* BaseTableCell.swift */,
				796B17402833B958006B0E86 /* BaseCollectionCell.swift */,
			);
			path = Base;
			sourceTree = "<group>";
		};
		79F28F692833A083000BF2A4 /* Controller */ = {
			isa = PBXGroup;
			children = (
				79EBC15F283D3DB200A506E3 /* orderStatus */,
				7943B6812834CED200324D88 /* Introduction */,
				796B17632833DDF8006B0E86 /* Information */,
				79F28F6E2833A0CA000BF2A4 /* Cart */,
				79F28F6D2833A0C3000BF2A4 /* Favorite */,
				79F28F6C2833A0AC000BF2A4 /* Category */,
				79F28F6A2833A090000BF2A4 /* TabBar */,
			);
			path = Controller;
			sourceTree = "<group>";
		};
		79F28F6A2833A090000BF2A4 /* TabBar */ = {
			isa = PBXGroup;
			children = (
				79F28F752833A13C000BF2A4 /* TabBarController.swift */,
			);
			path = TabBar;
			sourceTree = "<group>";
		};
		79F28F6C2833A0AC000BF2A4 /* Category */ = {
			isa = PBXGroup;
			children = (
				796B175E2833C8FB006B0E86 /* Header */,
				79F28F732833A105000BF2A4 /* CategoryController.swift */,
				796B175F2833C8FB006B0E86 /* CategoriesCell.swift */,
				796B175C2833C753006B0E86 /* ItemsCell.swift */,
				796B17442833B9B1006B0E86 /* CategoryViewModel.swift */,
			);
			path = Category;
			sourceTree = "<group>";
		};
		79F28F6D2833A0C3000BF2A4 /* Favorite */ = {
			isa = PBXGroup;
			children = (
				79F28F712833A0F5000BF2A4 /* FavoriteController.swift */,
				796B176F28342190006B0E86 /* FavoriteCell.swift */,
				796B17462833B9CA006B0E86 /* FavoriteViewModel.swift */,
			);
			path = Favorite;
			sourceTree = "<group>";
		};
		79F28F6E2833A0CA000BF2A4 /* Cart */ = {
			isa = PBXGroup;
			children = (
				79F28F6F2833A0E4000BF2A4 /* CartController.swift */,
				796B177128342AC9006B0E86 /* CartCell.swift */,
				796B17482833B9D6006B0E86 /* CartViewModel.swift */,
			);
			path = Cart;
			sourceTree = "<group>";
		};
/* End PBXGroup section */

/* Begin PBXNativeTarget section */
		79F28F4C28339FDF000BF2A4 /* ZirkonJewelery */ = {
			isa = PBXNativeTarget;
			buildConfigurationList = 79F28F6428339FE1000BF2A4 /* Build configuration list for PBXNativeTarget "ZirkonJewelery" */;
			buildPhases = (
				79F28F4928339FDF000BF2A4 /* Sources */,
				79F28F4A28339FDF000BF2A4 /* Frameworks */,
				79F28F4B28339FDF000BF2A4 /* Resources */,
			);
			buildRules = (
			);
			dependencies = (
			);
			name = ZirkonJewelery;
			packageProductDependencies = (
				79F1F67B2833A24300A630B5 /* Alamofire */,
				79F1F67E2833A26300A630B5 /* SnapKit */,
				796B17312833A2C8006B0E86 /* Kingfisher */,
				796B17392833A7BC006B0E86 /* Reachability */,
				7943B67F2834B6CA00324D88 /* IQKeyboardManagerSwift */,
			);
			productName = ZirkonJewelery;
			productReference = 79F28F4D28339FDF000BF2A4 /* ZirkonJewelery.app */;
			productType = "com.apple.product-type.application";
		};
/* End PBXNativeTarget section */

/* Begin PBXProject section */
		79F28F4528339FDF000BF2A4 /* Project object */ = {
			isa = PBXProject;
			attributes = {
				BuildIndependentTargetsInParallel = 1;
				LastSwiftUpdateCheck = 1330;
				LastUpgradeCheck = 1330;
				TargetAttributes = {
					79F28F4C28339FDF000BF2A4 = {
						CreatedOnToolsVersion = 13.3.1;
					};
				};
			};
			buildConfigurationList = 79F28F4828339FDF000BF2A4 /* Build configuration list for PBXProject "ZirkonJewelery" */;
			compatibilityVersion = "Xcode 13.0";
			developmentRegion = en;
			hasScannedForEncodings = 0;
			knownRegions = (
				en,
				Base,
			);
			mainGroup = 79F28F4428339FDF000BF2A4;
			packageReferences = (
				79F1F67A2833A24300A630B5 /* XCRemoteSwiftPackageReference "Alamofire" */,
				79F1F67D2833A26300A630B5 /* XCRemoteSwiftPackageReference "SnapKit" */,
				796B17302833A2C8006B0E86 /* XCRemoteSwiftPackageReference "Kingfisher" */,
				796B17382833A7BC006B0E86 /* XCRemoteSwiftPackageReference "Reachability.swift" */,
				7943B67E2834B6CA00324D88 /* XCRemoteSwiftPackageReference "IQKeyboardManager" */,
			);
			productRefGroup = 79F28F4E28339FDF000BF2A4 /* Products */;
			projectDirPath = "";
			projectRoot = "";
			targets = (
				79F28F4C28339FDF000BF2A4 /* ZirkonJewelery */,
			);
		};
/* End PBXProject section */

/* Begin PBXResourcesBuildPhase section */
		79F28F4B28339FDF000BF2A4 /* Resources */ = {
			isa = PBXResourcesBuildPhase;
			buildActionMask = 2147483647;
			files = (
				79F28F6028339FE1000BF2A4 /* LaunchScreen.storyboard in Resources */,
				79F28F5D28339FE1000BF2A4 /* Assets.xcassets in Resources */,
			);
			runOnlyForDeploymentPostprocessing = 0;
		};
/* End PBXResourcesBuildPhase section */

/* Begin PBXSourcesBuildPhase section */
		79F28F4928339FDF000BF2A4 /* Sources */ = {
			isa = PBXSourcesBuildPhase;
			buildActionMask = 2147483647;
			files = (
				79EBC161283D3DDE00A506E3 /* OrderStatusController.swift in Sources */,
				79F28F722833A0F5000BF2A4 /* FavoriteController.swift in Sources */,
				796B177228342AC9006B0E86 /* CartCell.swift in Sources */,
				7943B68A2834EBE200324D88 /* UserDefaultsManager.swift in Sources */,
				796B17432833B98D006B0E86 /* BaseTableCell.swift in Sources */,
				79F28F5128339FDF000BF2A4 /* AppDelegate.swift in Sources */,
				796B17652833DE0E006B0E86 /* ItemInformationController.swift in Sources */,
				796B17672833DEAB006B0E86 /* InfoModule.swift in Sources */,
				796B176C2833DFE4006B0E86 /* InfoViewModel.swift in Sources */,
				79EBC169283E0F2F00A506E3 /* Array.swift in Sources */,
				7943B6852834CF7900324D88 /* IntroViewModel.swift in Sources */,
				796B17512833BE90006B0E86 /* AppUrl.swift in Sources */,
				79F28F702833A0E4000BF2A4 /* CartController.swift in Sources */,
				79F28F5328339FDF000BF2A4 /* SceneDelegate.swift in Sources */,
				79F28F762833A13C000BF2A4 /* TabBarController.swift in Sources */,
				796B17492833B9D6006B0E86 /* CartViewModel.swift in Sources */,
				796B174C2833B9F9006B0E86 /* Model.swift in Sources */,
				79F8FBB028376930007DBAFC /* CategoriesCell.swift in Sources */,
				796B176A2833DF77006B0E86 /* FavoriteDataManager.swift in Sources */,
				796B17592833C5E0006B0E86 /* Header.swift in Sources */,
				796B17472833B9CA006B0E86 /* FavoriteViewModel.swift in Sources */,
				796B175B2833C69A006B0E86 /* String.swift in Sources */,
				796B174F2833BDD6006B0E86 /* CategoriesRepository.swift in Sources */,
				796B17372833A728006B0E86 /* BaseViewController.swift in Sources */,
				796B17412833B958006B0E86 /* BaseCollectionCell.swift in Sources */,
				79F28F5B28339FDF000BF2A4 /* ZirkonJewelery.xcdatamodeld in Sources */,
				796B17572833C593006B0E86 /* Gradient.swift in Sources */,
				7943B6872834E26F00324D88 /* IntroCell.swift in Sources */,
				796B177028342190006B0E86 /* FavoriteCell.swift in Sources */,
				796B17452833B9B1006B0E86 /* CategoryViewModel.swift in Sources */,
				79EBC163283D3DFD00A506E3 /* OrderStatusViewModel.swift in Sources */,
				796B173F2833B3C1006B0E86 /* ReactButton.swift in Sources */,
				79F28F742833A105000BF2A4 /* CategoryController.swift in Sources */,
				796B173D2833AB8C006B0E86 /* AppColor.swift in Sources */,
				796B175D2833C753006B0E86 /* ItemsCell.swift in Sources */,
				7943B6832834CF3500324D88 /* IntroController.swift in Sources */,
				796B176E28341619006B0E86 /* CartDataManager.swift in Sources */,
				79EBC167283D5B4E00A506E3 /* StatusDataManager.swift in Sources */,
			);
			runOnlyForDeploymentPostprocessing = 0;
		};
/* End PBXSourcesBuildPhase section */

/* Begin PBXVariantGroup section */
		79F28F5E28339FE1000BF2A4 /* LaunchScreen.storyboard */ = {
			isa = PBXVariantGroup;
			children = (
				79F28F5F28339FE1000BF2A4 /* Base */,
			);
			name = LaunchScreen.storyboard;
			sourceTree = "<group>";
		};
/* End PBXVariantGroup section */

/* Begin XCBuildConfiguration section */
		79F28F6228339FE1000BF2A4 /* Debug */ = {
			isa = XCBuildConfiguration;
			buildSettings = {
				ALWAYS_SEARCH_USER_PATHS = NO;
				CLANG_ANALYZER_NONNULL = YES;
				CLANG_ANALYZER_NUMBER_OBJECT_CONVERSION = YES_AGGRESSIVE;
				CLANG_CXX_LANGUAGE_STANDARD = "gnu++17";
				CLANG_ENABLE_MODULES = YES;
				CLANG_ENABLE_OBJC_ARC = YES;
				CLANG_ENABLE_OBJC_WEAK = YES;
				CLANG_WARN_BLOCK_CAPTURE_AUTORELEASING = YES;
				CLANG_WARN_BOOL_CONVERSION = YES;
				CLANG_WARN_COMMA = YES;
				CLANG_WARN_CONSTANT_CONVERSION = YES;
				CLANG_WARN_DEPRECATED_OBJC_IMPLEMENTATIONS = YES;
				CLANG_WARN_DIRECT_OBJC_ISA_USAGE = YES_ERROR;
				CLANG_WARN_DOCUMENTATION_COMMENTS = YES;
				CLANG_WARN_EMPTY_BODY = YES;
				CLANG_WARN_ENUM_CONVERSION = YES;
				CLANG_WARN_INFINITE_RECURSION = YES;
				CLANG_WARN_INT_CONVERSION = YES;
				CLANG_WARN_NON_LITERAL_NULL_CONVERSION = YES;
				CLANG_WARN_OBJC_IMPLICIT_RETAIN_SELF = YES;
				CLANG_WARN_OBJC_LITERAL_CONVERSION = YES;
				CLANG_WARN_OBJC_ROOT_CLASS = YES_ERROR;
				CLANG_WARN_QUOTED_INCLUDE_IN_FRAMEWORK_HEADER = YES;
				CLANG_WARN_RANGE_LOOP_ANALYSIS = YES;
				CLANG_WARN_STRICT_PROTOTYPES = YES;
				CLANG_WARN_SUSPICIOUS_MOVE = YES;
				CLANG_WARN_UNGUARDED_AVAILABILITY = YES_AGGRESSIVE;
				CLANG_WARN_UNREACHABLE_CODE = YES;
				CLANG_WARN__DUPLICATE_METHOD_MATCH = YES;
				COPY_PHASE_STRIP = NO;
				DEBUG_INFORMATION_FORMAT = dwarf;
				ENABLE_STRICT_OBJC_MSGSEND = YES;
				ENABLE_TESTABILITY = YES;
				GCC_C_LANGUAGE_STANDARD = gnu11;
				GCC_DYNAMIC_NO_PIC = NO;
				GCC_NO_COMMON_BLOCKS = YES;
				GCC_OPTIMIZATION_LEVEL = 0;
				GCC_PREPROCESSOR_DEFINITIONS = (
					"DEBUG=1",
					"$(inherited)",
				);
				GCC_WARN_64_TO_32_BIT_CONVERSION = YES;
				GCC_WARN_ABOUT_RETURN_TYPE = YES_ERROR;
				GCC_WARN_UNDECLARED_SELECTOR = YES;
				GCC_WARN_UNINITIALIZED_AUTOS = YES_AGGRESSIVE;
				GCC_WARN_UNUSED_FUNCTION = YES;
				GCC_WARN_UNUSED_VARIABLE = YES;
				IPHONEOS_DEPLOYMENT_TARGET = 15.4;
				MTL_ENABLE_DEBUG_INFO = INCLUDE_SOURCE;
				MTL_FAST_MATH = YES;
				ONLY_ACTIVE_ARCH = YES;
				SDKROOT = iphoneos;
				SWIFT_ACTIVE_COMPILATION_CONDITIONS = DEBUG;
				SWIFT_OPTIMIZATION_LEVEL = "-Onone";
			};
			name = Debug;
		};
		79F28F6328339FE1000BF2A4 /* Release */ = {
			isa = XCBuildConfiguration;
			buildSettings = {
				ALWAYS_SEARCH_USER_PATHS = NO;
				CLANG_ANALYZER_NONNULL = YES;
				CLANG_ANALYZER_NUMBER_OBJECT_CONVERSION = YES_AGGRESSIVE;
				CLANG_CXX_LANGUAGE_STANDARD = "gnu++17";
				CLANG_ENABLE_MODULES = YES;
				CLANG_ENABLE_OBJC_ARC = YES;
				CLANG_ENABLE_OBJC_WEAK = YES;
				CLANG_WARN_BLOCK_CAPTURE_AUTORELEASING = YES;
				CLANG_WARN_BOOL_CONVERSION = YES;
				CLANG_WARN_COMMA = YES;
				CLANG_WARN_CONSTANT_CONVERSION = YES;
				CLANG_WARN_DEPRECATED_OBJC_IMPLEMENTATIONS = YES;
				CLANG_WARN_DIRECT_OBJC_ISA_USAGE = YES_ERROR;
				CLANG_WARN_DOCUMENTATION_COMMENTS = YES;
				CLANG_WARN_EMPTY_BODY = YES;
				CLANG_WARN_ENUM_CONVERSION = YES;
				CLANG_WARN_INFINITE_RECURSION = YES;
				CLANG_WARN_INT_CONVERSION = YES;
				CLANG_WARN_NON_LITERAL_NULL_CONVERSION = YES;
				CLANG_WARN_OBJC_IMPLICIT_RETAIN_SELF = YES;
				CLANG_WARN_OBJC_LITERAL_CONVERSION = YES;
				CLANG_WARN_OBJC_ROOT_CLASS = YES_ERROR;
				CLANG_WARN_QUOTED_INCLUDE_IN_FRAMEWORK_HEADER = YES;
				CLANG_WARN_RANGE_LOOP_ANALYSIS = YES;
				CLANG_WARN_STRICT_PROTOTYPES = YES;
				CLANG_WARN_SUSPICIOUS_MOVE = YES;
				CLANG_WARN_UNGUARDED_AVAILABILITY = YES_AGGRESSIVE;
				CLANG_WARN_UNREACHABLE_CODE = YES;
				CLANG_WARN__DUPLICATE_METHOD_MATCH = YES;
				COPY_PHASE_STRIP = NO;
				DEBUG_INFORMATION_FORMAT = "dwarf-with-dsym";
				ENABLE_NS_ASSERTIONS = NO;
				ENABLE_STRICT_OBJC_MSGSEND = YES;
				GCC_C_LANGUAGE_STANDARD = gnu11;
				GCC_NO_COMMON_BLOCKS = YES;
				GCC_WARN_64_TO_32_BIT_CONVERSION = YES;
				GCC_WARN_ABOUT_RETURN_TYPE = YES_ERROR;
				GCC_WARN_UNDECLARED_SELECTOR = YES;
				GCC_WARN_UNINITIALIZED_AUTOS = YES_AGGRESSIVE;
				GCC_WARN_UNUSED_FUNCTION = YES;
				GCC_WARN_UNUSED_VARIABLE = YES;
				IPHONEOS_DEPLOYMENT_TARGET = 15.4;
				MTL_ENABLE_DEBUG_INFO = NO;
				MTL_FAST_MATH = YES;
				SDKROOT = iphoneos;
				SWIFT_COMPILATION_MODE = wholemodule;
				SWIFT_OPTIMIZATION_LEVEL = "-O";
				VALIDATE_PRODUCT = YES;
			};
			name = Release;
		};
		79F28F6528339FE1000BF2A4 /* Debug */ = {
			isa = XCBuildConfiguration;
			buildSettings = {
				ASSETCATALOG_COMPILER_APPICON_NAME = AppIcon;
				ASSETCATALOG_COMPILER_GLOBAL_ACCENT_COLOR_NAME = AccentColor;
				CODE_SIGN_STYLE = Automatic;
				CURRENT_PROJECT_VERSION = 1;
				GENERATE_INFOPLIST_FILE = YES;
				INFOPLIST_FILE = ZirkonJewelery/Info.plist;
				INFOPLIST_KEY_UIApplicationSupportsIndirectInputEvents = YES;
				INFOPLIST_KEY_UILaunchStoryboardName = LaunchScreen;
				INFOPLIST_KEY_UISupportedInterfaceOrientations_iPad = "UIInterfaceOrientationPortrait UIInterfaceOrientationPortraitUpsideDown UIInterfaceOrientationLandscapeLeft UIInterfaceOrientationLandscapeRight";
				INFOPLIST_KEY_UISupportedInterfaceOrientations_iPhone = "UIInterfaceOrientationPortrait UIInterfaceOrientationLandscapeLeft UIInterfaceOrientationLandscapeRight";
				LD_RUNPATH_SEARCH_PATHS = (
					"$(inherited)",
					"@executable_path/Frameworks",
				);
				MARKETING_VERSION = 1.0;
				PRODUCT_BUNDLE_IDENTIFIER = co.shahzod.ZirkonJewelery;
				PRODUCT_NAME = "$(TARGET_NAME)";
				SWIFT_EMIT_LOC_STRINGS = YES;
				SWIFT_VERSION = 5.0;
				TARGETED_DEVICE_FAMILY = "1,2";
			};
			name = Debug;
		};
		79F28F6628339FE1000BF2A4 /* Release */ = {
			isa = XCBuildConfiguration;
			buildSettings = {
				ASSETCATALOG_COMPILER_APPICON_NAME = AppIcon;
				ASSETCATALOG_COMPILER_GLOBAL_ACCENT_COLOR_NAME = AccentColor;
				CODE_SIGN_STYLE = Automatic;
				CURRENT_PROJECT_VERSION = 1;
				GENERATE_INFOPLIST_FILE = YES;
				INFOPLIST_FILE = ZirkonJewelery/Info.plist;
				INFOPLIST_KEY_UIApplicationSupportsIndirectInputEvents = YES;
				INFOPLIST_KEY_UILaunchStoryboardName = LaunchScreen;
				INFOPLIST_KEY_UISupportedInterfaceOrientations_iPad = "UIInterfaceOrientationPortrait UIInterfaceOrientationPortraitUpsideDown UIInterfaceOrientationLandscapeLeft UIInterfaceOrientationLandscapeRight";
				INFOPLIST_KEY_UISupportedInterfaceOrientations_iPhone = "UIInterfaceOrientationPortrait UIInterfaceOrientationLandscapeLeft UIInterfaceOrientationLandscapeRight";
				LD_RUNPATH_SEARCH_PATHS = (
					"$(inherited)",
					"@executable_path/Frameworks",
				);
				MARKETING_VERSION = 1.0;
				PRODUCT_BUNDLE_IDENTIFIER = co.shahzod.ZirkonJewelery;
				PRODUCT_NAME = "$(TARGET_NAME)";
				SWIFT_EMIT_LOC_STRINGS = YES;
				SWIFT_VERSION = 5.0;
				TARGETED_DEVICE_FAMILY = "1,2";
			};
			name = Release;
		};
/* End XCBuildConfiguration section */

/* Begin XCConfigurationList section */
		79F28F4828339FDF000BF2A4 /* Build configuration list for PBXProject "ZirkonJewelery" */ = {
			isa = XCConfigurationList;
			buildConfigurations = (
				79F28F6228339FE1000BF2A4 /* Debug */,
				79F28F6328339FE1000BF2A4 /* Release */,
			);
			defaultConfigurationIsVisible = 0;
			defaultConfigurationName = Release;
		};
		79F28F6428339FE1000BF2A4 /* Build configuration list for PBXNativeTarget "ZirkonJewelery" */ = {
			isa = XCConfigurationList;
			buildConfigurations = (
				79F28F6528339FE1000BF2A4 /* Debug */,
				79F28F6628339FE1000BF2A4 /* Release */,
			);
			defaultConfigurationIsVisible = 0;
			defaultConfigurationName = Release;
		};
/* End XCConfigurationList section */

/* Begin XCRemoteSwiftPackageReference section */
		7943B67E2834B6CA00324D88 /* XCRemoteSwiftPackageReference "IQKeyboardManager" */ = {
			isa = XCRemoteSwiftPackageReference;
			repositoryURL = "https://github.com/hackiftekhar/IQKeyboardManager.git";
			requirement = {
				branch = master;
				kind = branch;
			};
		};
		796B17302833A2C8006B0E86 /* XCRemoteSwiftPackageReference "Kingfisher" */ = {
			isa = XCRemoteSwiftPackageReference;
			repositoryURL = "https://github.com/onevcat/Kingfisher.git";
			requirement = {
				kind = upToNextMajorVersion;
				minimumVersion = 7.0.0;
			};
		};
		796B17382833A7BC006B0E86 /* XCRemoteSwiftPackageReference "Reachability.swift" */ = {
			isa = XCRemoteSwiftPackageReference;
			repositoryURL = "https://github.com/ashleymills/Reachability.swift.git";
			requirement = {
				branch = master;
				kind = branch;
			};
		};
		79F1F67A2833A24300A630B5 /* XCRemoteSwiftPackageReference "Alamofire" */ = {
			isa = XCRemoteSwiftPackageReference;
			repositoryURL = "https://github.com/Alamofire/Alamofire.git";
			requirement = {
				kind = upToNextMajorVersion;
				minimumVersion = 5.0.0;
			};
		};
		79F1F67D2833A26300A630B5 /* XCRemoteSwiftPackageReference "SnapKit" */ = {
			isa = XCRemoteSwiftPackageReference;
			repositoryURL = "https://github.com/SnapKit/SnapKit.git";
			requirement = {
				branch = develop;
				kind = branch;
			};
		};
/* End XCRemoteSwiftPackageReference section */

/* Begin XCSwiftPackageProductDependency section */
		7943B67F2834B6CA00324D88 /* IQKeyboardManagerSwift */ = {
			isa = XCSwiftPackageProductDependency;
			package = 7943B67E2834B6CA00324D88 /* XCRemoteSwiftPackageReference "IQKeyboardManager" */;
			productName = IQKeyboardManagerSwift;
		};
		796B17312833A2C8006B0E86 /* Kingfisher */ = {
			isa = XCSwiftPackageProductDependency;
			package = 796B17302833A2C8006B0E86 /* XCRemoteSwiftPackageReference "Kingfisher" */;
			productName = Kingfisher;
		};
		796B17392833A7BC006B0E86 /* Reachability */ = {
			isa = XCSwiftPackageProductDependency;
			package = 796B17382833A7BC006B0E86 /* XCRemoteSwiftPackageReference "Reachability.swift" */;
			productName = Reachability;
		};
		79F1F67B2833A24300A630B5 /* Alamofire */ = {
			isa = XCSwiftPackageProductDependency;
			package = 79F1F67A2833A24300A630B5 /* XCRemoteSwiftPackageReference "Alamofire" */;
			productName = Alamofire;
		};
		79F1F67E2833A26300A630B5 /* SnapKit */ = {
			isa = XCSwiftPackageProductDependency;
			package = 79F1F67D2833A26300A630B5 /* XCRemoteSwiftPackageReference "SnapKit" */;
			productName = SnapKit;
		};
/* End XCSwiftPackageProductDependency section */

/* Begin XCVersionGroup section */
		79F28F5928339FDF000BF2A4 /* ZirkonJewelery.xcdatamodeld */ = {
			isa = XCVersionGroup;
			children = (
				79F28F5A28339FDF000BF2A4 /* ZirkonJewelery.xcdatamodel */,
			);
			currentVersion = 79F28F5A28339FDF000BF2A4 /* ZirkonJewelery.xcdatamodel */;
			path = ZirkonJewelery.xcdatamodeld;
			sourceTree = "<group>";
			versionGroupType = wrapper.xcdatamodel;
		};
/* End XCVersionGroup section */
	};
	rootObject = 79F28F4528339FDF000BF2A4 /* Project object */;
}
